
Microsoft Visual Studio Solution File, Format Version 12.00
# Visual Studio 15
VisualStudioVersion = 15.0.26430.12
MinimumVisualStudioVersion = 10.0.40219.1
Project("{E24C65DC-7377-472B-9ABA-BC803B73C61A}") = "1.Intro", "1.Intro\", "{28C196CF-D9FE-4466-8E22-C10C991A95AF}"
	ProjectSection(WebsiteProperties) = preProject
		TargetFrameworkMoniker = ".NETFramework,Version%3Dv4.5.2"
		Debug.AspNetCompiler.VirtualPath = "/localhost_50658"
		Debug.AspNetCompiler.PhysicalPath = "1.Intro\"
		Debug.AspNetCompiler.TargetPath = "PrecompiledWeb\localhost_50658\"
		Debug.AspNetCompiler.Updateable = "true"
		Debug.AspNetCompiler.ForceOverwrite = "true"
		Debug.AspNetCompiler.FixedNames = "false"
		Debug.AspNetCompiler.Debug = "True"
		Release.AspNetCompiler.VirtualPath = "/localhost_50658"
		Release.AspNetCompiler.PhysicalPath = "1.Intro\"
		Release.AspNetCompiler.TargetPath = "PrecompiledWeb\localhost_50658\"
		Release.AspNetCompiler.Updateable = "true"
		Release.AspNetCompiler.ForceOverwrite = "true"
		Release.AspNetCompiler.FixedNames = "false"
		Release.AspNetCompiler.Debug = "False"
		VWDPort = "50658"
		SlnRelativePath = "1.Intro\"
		DefaultWebSiteLanguage = "Visual C#"
	EndProjectSection
EndProject
Project("{E24C65DC-7377-472B-9ABA-BC803B73C61A}") = "2.Intro", "2.Intro\", "{4A08D812-8C15-4301-844B-DF193A2B0746}"
	ProjectSection(WebsiteProperties) = preProject
		TargetFrameworkMoniker = ".NETFramework,Version%3Dv4.5.2"
		Debug.AspNetCompiler.VirtualPath = "/localhost_50900"
		Debug.AspNetCompiler.PhysicalPath = "2.Intro\"
		Debug.AspNetCompiler.TargetPath = "PrecompiledWeb\localhost_50900\"
		Debug.AspNetCompiler.Updateable = "true"
		Debug.AspNetCompiler.ForceOverwrite = "true"
		Debug.AspNetCompiler.FixedNames = "false"
		Debug.AspNetCompiler.Debug = "True"
		Release.AspNetCompiler.VirtualPath = "/localhost_50900"
		Release.AspNetCompiler.PhysicalPath = "2.Intro\"
		Release.AspNetCompiler.TargetPath = "PrecompiledWeb\localhost_50900\"
		Release.AspNetCompiler.Updateable = "true"
		Release.AspNetCompiler.ForceOverwrite = "true"
		Release.AspNetCompiler.FixedNames = "false"
		Release.AspNetCompiler.Debug = "False"
		VWDPort = "50900"
		SlnRelativePath = "2.Intro\"
		DefaultWebSiteLanguage = "Visual C#"
	EndProjectSection
EndProject
Project("{E24C65DC-7377-472B-9ABA-BC803B73C61A}") = "3.Intro", "3.Intro\", "{67BBB968-AF0A-4987-93D7-192C7B2E019C}"
	ProjectSection(WebsiteProperties) = preProject
		TargetFrameworkMoniker = ".NETFramework,Version%3Dv4.5.2"
		Debug.AspNetCompiler.VirtualPath = "/localhost_50991"
		Debug.AspNetCompiler.PhysicalPath = "3.Intro\"
		Debug.AspNetCompiler.TargetPath = "PrecompiledWeb\localhost_50991\"
		Debug.AspNetCompiler.Updateable = "true"
		Debug.AspNetCompiler.ForceOverwrite = "true"
		Debug.AspNetCompiler.FixedNames = "false"
		Debug.AspNetCompiler.Debug = "True"
		Release.AspNetCompiler.VirtualPath = "/localhost_50991"
		Release.AspNetCompiler.PhysicalPath = "3.Intro\"
		Release.AspNetCompiler.TargetPath = "PrecompiledWeb\localhost_50991\"
		Release.AspNetCompiler.Updateable = "true"
		Release.AspNetCompiler.ForceOverwrite = "true"
		Release.AspNetCompiler.FixedNames = "false"
		Release.AspNetCompiler.Debug = "False"
		VWDPort = "50991"
		SlnRelativePath = "3.Intro\"
		DefaultWebSiteLanguage = "Visual C#"
	EndProjectSection
EndProject
Project("{E24C65DC-7377-472B-9ABA-BC803B73C61A}") = "4.Intro", "4.Intro\", "{CAC211AC-328B-4460-B120-8DEE08D6103E}"
	ProjectSection(WebsiteProperties) = preProject
		TargetFrameworkMoniker = ".NETFramework,Version%3Dv4.5.2"
		Debug.AspNetCompiler.VirtualPath = "/localhost_51152"
		Debug.AspNetCompiler.PhysicalPath = "4.Intro\"
		Debug.AspNetCompiler.TargetPath = "PrecompiledWeb\localhost_51152\"
		Debug.AspNetCompiler.Updateable = "true"
		Debug.AspNetCompiler.ForceOverwrite = "true"
		Debug.AspNetCompiler.FixedNames = "false"
		Debug.AspNetCompiler.Debug = "True"
		Release.AspNetCompiler.VirtualPath = "/localhost_51152"
		Release.AspNetCompiler.PhysicalPath = "4.Intro\"
		Release.AspNetCompiler.TargetPath = "PrecompiledWeb\localhost_51152\"
		Release.AspNetCompiler.Updateable = "true"
		Release.AspNetCompiler.ForceOverwrite = "true"
		Release.AspNetCompiler.FixedNames = "false"
		Release.AspNetCompiler.Debug = "False"
		VWDPort = "51152"
		SlnRelativePath = "4.Intro\"
		DefaultWebSiteLanguage = "Visual C#"
	EndProjectSection
EndProject
Project("{E24C65DC-7377-472B-9ABA-BC803B73C61A}") = "5.Expression", "5.Expression\", "{49806CD1-F2F0-4EE1-BE01-BA0F75D89CFD}"
	ProjectSection(WebsiteProperties) = preProject
		TargetFrameworkMoniker = ".NETFramework,Version%3Dv4.5.2"
		Debug.AspNetCompiler.VirtualPath = "/localhost_51651"
		Debug.AspNetCompiler.PhysicalPath = "5.Expression\"
		Debug.AspNetCompiler.TargetPath = "PrecompiledWeb\localhost_51651\"
		Debug.AspNetCompiler.Updateable = "true"
		Debug.AspNetCompiler.ForceOverwrite = "true"
		Debug.AspNetCompiler.FixedNames = "false"
		Debug.AspNetCompiler.Debug = "True"
		Release.AspNetCompiler.VirtualPath = "/localhost_51651"
		Release.AspNetCompiler.PhysicalPath = "5.Expression\"
		Release.AspNetCompiler.TargetPath = "PrecompiledWeb\localhost_51651\"
		Release.AspNetCompiler.Updateable = "true"
		Release.AspNetCompiler.ForceOverwrite = "true"
		Release.AspNetCompiler.FixedNames = "false"
		Release.AspNetCompiler.Debug = "False"
		VWDPort = "51651"
		SlnRelativePath = "5.Expression\"
		DefaultWebSiteLanguage = "Visual C#"
	EndProjectSection
EndProject
Project("{E24C65DC-7377-472B-9ABA-BC803B73C61A}") = "6.Module", "6.Module\", "{CE9AA8A0-6FAF-4E00-9322-08776998F393}"
	ProjectSection(WebsiteProperties) = preProject
		TargetFrameworkMoniker = ".NETFramework,Version%3Dv4.5.2"
		Debug.AspNetCompiler.VirtualPath = "/localhost_51799"
		Debug.AspNetCompiler.PhysicalPath = "6.Module\"
		Debug.AspNetCompiler.TargetPath = "PrecompiledWeb\localhost_51799\"
		Debug.AspNetCompiler.Updateable = "true"
		Debug.AspNetCompiler.ForceOverwrite = "true"
		Debug.AspNetCompiler.FixedNames = "false"
		Debug.AspNetCompiler.Debug = "True"
		Release.AspNetCompiler.VirtualPath = "/localhost_51799"
		Release.AspNetCompiler.PhysicalPath = "6.Module\"
		Release.AspNetCompiler.TargetPath = "PrecompiledWeb\localhost_51799\"
		Release.AspNetCompiler.Updateable = "true"
		Release.AspNetCompiler.ForceOverwrite = "true"
		Release.AspNetCompiler.FixedNames = "false"
		Release.AspNetCompiler.Debug = "False"
		VWDPort = "51799"
		SlnRelativePath = "6.Module\"
		DefaultWebSiteLanguage = "Visual C#"
	EndProjectSection
EndProject
Project("{E24C65DC-7377-472B-9ABA-BC803B73C61A}") = "7.Directive", "7.Directive\", "{05531F03-44BA-4603-9985-DF87511558C0}"
	ProjectSection(WebsiteProperties) = preProject
		TargetFrameworkMoniker = ".NETFramework,Version%3Dv4.5.2"
		Debug.AspNetCompiler.VirtualPath = "/localhost_52640"
		Debug.AspNetCompiler.PhysicalPath = "7.Directive\"
		Debug.AspNetCompiler.TargetPath = "PrecompiledWeb\localhost_52640\"
		Debug.AspNetCompiler.Updateable = "true"
		Debug.AspNetCompiler.ForceOverwrite = "true"
		Debug.AspNetCompiler.FixedNames = "false"
		Debug.AspNetCompiler.Debug = "True"
		Release.AspNetCompiler.VirtualPath = "/localhost_52640"
		Release.AspNetCompiler.PhysicalPath = "7.Directive\"
		Release.AspNetCompiler.TargetPath = "PrecompiledWeb\localhost_52640\"
		Release.AspNetCompiler.Updateable = "true"
		Release.AspNetCompiler.ForceOverwrite = "true"
		Release.AspNetCompiler.FixedNames = "false"
		Release.AspNetCompiler.Debug = "False"
		VWDPort = "52640"
		SlnRelativePath = "7.Directive\"
		DefaultWebSiteLanguage = "Visual C#"
	EndProjectSection
EndProject
Project("{E24C65DC-7377-472B-9ABA-BC803B73C61A}") = "Lab2", "Lab2\", "{9D30DCD7-F53D-4380-AFB5-ADE19C1C7D2E}"
	ProjectSection(WebsiteProperties) = preProject
		TargetFrameworkMoniker = ".NETFramework,Version%3Dv4.5.2"
		Debug.AspNetCompiler.VirtualPath = "/localhost_61631"
		Debug.AspNetCompiler.PhysicalPath = "Lab2\"
		Debug.AspNetCompiler.TargetPath = "PrecompiledWeb\localhost_61631\"
		Debug.AspNetCompiler.Updateable = "true"
		Debug.AspNetCompiler.ForceOverwrite = "true"
		Debug.AspNetCompiler.FixedNames = "false"
		Debug.AspNetCompiler.Debug = "True"
		Release.AspNetCompiler.VirtualPath = "/localhost_61631"
		Release.AspNetCompiler.PhysicalPath = "Lab2\"
		Release.AspNetCompiler.TargetPath = "PrecompiledWeb\localhost_61631\"
		Release.AspNetCompiler.Updateable = "true"
		Release.AspNetCompiler.ForceOverwrite = "true"
		Release.AspNetCompiler.FixedNames = "false"
		Release.AspNetCompiler.Debug = "False"
		VWDPort = "61631"
		SlnRelativePath = "Lab2\"
		DefaultWebSiteLanguage = "Visual C#"
	EndProjectSection
EndProject
Project("{E24C65DC-7377-472B-9ABA-BC803B73C61A}") = "Lab3", "Lab3\", "{77BD60F1-F5FE-45A4-8F27-6D5C131EDCB5}"
	ProjectSection(WebsiteProperties) = preProject
		TargetFrameworkMoniker = ".NETFramework,Version%3Dv4.5.2"
		Debug.AspNetCompiler.VirtualPath = "/localhost_50576"
		Debug.AspNetCompiler.PhysicalPath = "Lab3\"
		Debug.AspNetCompiler.TargetPath = "PrecompiledWeb\localhost_50576\"
		Debug.AspNetCompiler.Updateable = "true"
		Debug.AspNetCompiler.ForceOverwrite = "true"
		Debug.AspNetCompiler.FixedNames = "false"
		Debug.AspNetCompiler.Debug = "True"
		Release.AspNetCompiler.VirtualPath = "/localhost_50576"
		Release.AspNetCompiler.PhysicalPath = "Lab3\"
		Release.AspNetCompiler.TargetPath = "PrecompiledWeb\localhost_50576\"
		Release.AspNetCompiler.Updateable = "true"
		Release.AspNetCompiler.ForceOverwrite = "true"
		Release.AspNetCompiler.FixedNames = "false"
		Release.AspNetCompiler.Debug = "False"
		VWDPort = "50576"
		SlnRelativePath = "Lab3\"
		DefaultWebSiteLanguage = "Visual C#"
	EndProjectSection
EndProject
Project("{E24C65DC-7377-472B-9ABA-BC803B73C61A}") = "8.Model(1)", "8.Model\", "{781BB420-73E5-4ACE-AC9B-CA461B9E0B0A}"
	ProjectSection(WebsiteProperties) = preProject
		TargetFrameworkMoniker = ".NETFramework,Version%3Dv4.5.2"
		Debug.AspNetCompiler.VirtualPath = "/localhost_50886"
		Debug.AspNetCompiler.PhysicalPath = "8.Model\"
		Debug.AspNetCompiler.TargetPath = "PrecompiledWeb\localhost_50886\"
		Debug.AspNetCompiler.Updateable = "true"
		Debug.AspNetCompiler.ForceOverwrite = "true"
		Debug.AspNetCompiler.FixedNames = "false"
		Debug.AspNetCompiler.Debug = "True"
		Release.AspNetCompiler.VirtualPath = "/localhost_50886"
		Release.AspNetCompiler.PhysicalPath = "8.Model\"
		Release.AspNetCompiler.TargetPath = "PrecompiledWeb\localhost_50886\"
		Release.AspNetCompiler.Updateable = "true"
		Release.AspNetCompiler.ForceOverwrite = "true"
		Release.AspNetCompiler.FixedNames = "false"
		Release.AspNetCompiler.Debug = "False"
		VWDPort = "50886"
		SlnRelativePath = "8.Model\"
	EndProjectSection
EndProject
Project("{E24C65DC-7377-472B-9ABA-BC803B73C61A}") = "9.Bind(1)", "9.Bind\", "{9AAB1DAB-89D2-464E-85FE-6F1C3F02EEAF}"
	ProjectSection(WebsiteProperties) = preProject
		TargetFrameworkMoniker = ".NETFramework,Version%3Dv4.5.2"
		Debug.AspNetCompiler.VirtualPath = "/localhost_50888"
		Debug.AspNetCompiler.PhysicalPath = "9.Bind\"
		Debug.AspNetCompiler.TargetPath = "PrecompiledWeb\localhost_50888\"
		Debug.AspNetCompiler.Updateable = "true"
		Debug.AspNetCompiler.ForceOverwrite = "true"
		Debug.AspNetCompiler.FixedNames = "false"
		Debug.AspNetCompiler.Debug = "True"
		Release.AspNetCompiler.VirtualPath = "/localhost_50888"
		Release.AspNetCompiler.PhysicalPath = "9.Bind\"
		Release.AspNetCompiler.TargetPath = "PrecompiledWeb\localhost_50888\"
		Release.AspNetCompiler.Updateable = "true"
		Release.AspNetCompiler.ForceOverwrite = "true"
		Release.AspNetCompiler.FixedNames = "false"
		Release.AspNetCompiler.Debug = "False"
		VWDPort = "50888"
		SlnRelativePath = "9.Bind\"
	EndProjectSection
EndProject
Project("{E24C65DC-7377-472B-9ABA-BC803B73C61A}") = "10.Controller", "10.Controller\", "{45D55285-F5E8-4A1C-8DF3-D44A963118A6}"
	ProjectSection(WebsiteProperties) = preProject
		TargetFrameworkMoniker = ".NETFramework,Version%3Dv4.5.2"
		Debug.AspNetCompiler.VirtualPath = "/localhost_50934"
		Debug.AspNetCompiler.PhysicalPath = "10.Controller\"
		Debug.AspNetCompiler.TargetPath = "PrecompiledWeb\localhost_50934\"
		Debug.AspNetCompiler.Updateable = "true"
		Debug.AspNetCompiler.ForceOverwrite = "true"
		Debug.AspNetCompiler.FixedNames = "false"
		Debug.AspNetCompiler.Debug = "True"
		Release.AspNetCompiler.VirtualPath = "/localhost_50934"
		Release.AspNetCompiler.PhysicalPath = "10.Controller\"
		Release.AspNetCompiler.TargetPath = "PrecompiledWeb\localhost_50934\"
		Release.AspNetCompiler.Updateable = "true"
		Release.AspNetCompiler.ForceOverwrite = "true"
		Release.AspNetCompiler.FixedNames = "false"
		Release.AspNetCompiler.Debug = "False"
		VWDPort = "50934"
		SlnRelativePath = "10.Controller\"
		DefaultWebSiteLanguage = "Visual C#"
	EndProjectSection
EndProject
Project("{E24C65DC-7377-472B-9ABA-BC803B73C61A}") = "11.Scope(1)", "11.Scope\", "{AFAEA3F1-D804-4034-A201-2E3047768363}"
	ProjectSection(WebsiteProperties) = preProject
		TargetFrameworkMoniker = ".NETFramework,Version%3Dv4.5.2"
		Debug.AspNetCompiler.VirtualPath = "/localhost_52588"
		Debug.AspNetCompiler.PhysicalPath = "11.Scope\"
		Debug.AspNetCompiler.TargetPath = "PrecompiledWeb\localhost_52588\"
		Debug.AspNetCompiler.Updateable = "true"
		Debug.AspNetCompiler.ForceOverwrite = "true"
		Debug.AspNetCompiler.FixedNames = "false"
		Debug.AspNetCompiler.Debug = "True"
		Release.AspNetCompiler.VirtualPath = "/localhost_52588"
		Release.AspNetCompiler.PhysicalPath = "11.Scope\"
		Release.AspNetCompiler.TargetPath = "PrecompiledWeb\localhost_52588\"
		Release.AspNetCompiler.Updateable = "true"
		Release.AspNetCompiler.ForceOverwrite = "true"
		Release.AspNetCompiler.FixedNames = "false"
		Release.AspNetCompiler.Debug = "False"
		VWDPort = "52588"
		SlnRelativePath = "11.Scope\"
	EndProjectSection
EndProject
Project("{E24C65DC-7377-472B-9ABA-BC803B73C61A}") = "Lab4(1)", "Lab4\", "{F6C355E2-77CC-4B43-A96B-A805623D86FF}"
	ProjectSection(WebsiteProperties) = preProject
		TargetFrameworkMoniker = ".NETFramework,Version%3Dv4.5.2"
		Debug.AspNetCompiler.VirtualPath = "/localhost_53796"
		Debug.AspNetCompiler.PhysicalPath = "Lab4\"
		Debug.AspNetCompiler.TargetPath = "PrecompiledWeb\localhost_53796\"
		Debug.AspNetCompiler.Updateable = "true"
		Debug.AspNetCompiler.ForceOverwrite = "true"
		Debug.AspNetCompiler.FixedNames = "false"
		Debug.AspNetCompiler.Debug = "True"
		Release.AspNetCompiler.VirtualPath = "/localhost_53796"
		Release.AspNetCompiler.PhysicalPath = "Lab4\"
		Release.AspNetCompiler.TargetPath = "PrecompiledWeb\localhost_53796\"
		Release.AspNetCompiler.Updateable = "true"
		Release.AspNetCompiler.ForceOverwrite = "true"
		Release.AspNetCompiler.FixedNames = "false"
		Release.AspNetCompiler.Debug = "False"
		VWDPort = "53796"
		SlnRelativePath = "Lab4\"
		DefaultWebSiteLanguage = "Visual C#"
	EndProjectSection
EndProject
Project("{E24C65DC-7377-472B-9ABA-BC803B73C61A}") = "12.Filter", "12.Filter\", "{D96C67F4-279A-4098-A837-F0E9BBF5551C}"
	ProjectSection(WebsiteProperties) = preProject
		TargetFrameworkMoniker = ".NETFramework,Version%3Dv4.5.2"
		Debug.AspNetCompiler.VirtualPath = "/localhost_54150"
		Debug.AspNetCompiler.PhysicalPath = "12.Filter\"
		Debug.AspNetCompiler.TargetPath = "PrecompiledWeb\localhost_54150\"
		Debug.AspNetCompiler.Updateable = "true"
		Debug.AspNetCompiler.ForceOverwrite = "true"
		Debug.AspNetCompiler.FixedNames = "false"
		Debug.AspNetCompiler.Debug = "True"
		Release.AspNetCompiler.VirtualPath = "/localhost_54150"
		Release.AspNetCompiler.PhysicalPath = "12.Filter\"
		Release.AspNetCompiler.TargetPath = "PrecompiledWeb\localhost_54150\"
		Release.AspNetCompiler.Updateable = "true"
		Release.AspNetCompiler.ForceOverwrite = "true"
		Release.AspNetCompiler.FixedNames = "false"
		Release.AspNetCompiler.Debug = "False"
		VWDPort = "54150"
		SlnRelativePath = "12.Filter\"
		DefaultWebSiteLanguage = "Visual C#"
	EndProjectSection
EndProject
Project("{E24C65DC-7377-472B-9ABA-BC803B73C61A}") = "Lab5", "Lab5\", "{26827D4F-9B45-49B4-9D2C-2EC99B3AF541}"
	ProjectSection(WebsiteProperties) = preProject
		TargetFrameworkMoniker = ".NETFramework,Version%3Dv4.5.2"
		Debug.AspNetCompiler.VirtualPath = "/localhost_54733"
		Debug.AspNetCompiler.PhysicalPath = "Lab5\"
		Debug.AspNetCompiler.TargetPath = "PrecompiledWeb\localhost_54733\"
		Debug.AspNetCompiler.Updateable = "true"
		Debug.AspNetCompiler.ForceOverwrite = "true"
		Debug.AspNetCompiler.FixedNames = "false"
		Debug.AspNetCompiler.Debug = "True"
		Release.AspNetCompiler.VirtualPath = "/localhost_54733"
		Release.AspNetCompiler.PhysicalPath = "Lab5\"
		Release.AspNetCompiler.TargetPath = "PrecompiledWeb\localhost_54733\"
		Release.AspNetCompiler.Updateable = "true"
		Release.AspNetCompiler.ForceOverwrite = "true"
		Release.AspNetCompiler.FixedNames = "false"
		Release.AspNetCompiler.Debug = "False"
		VWDPort = "54733"
		SlnRelativePath = "Lab5\"
		DefaultWebSiteLanguage = "Visual C#"
	EndProjectSection
EndProject
Project("{E24C65DC-7377-472B-9ABA-BC803B73C61A}") = "13.Route", "13.Route\", "{6F2B0ED4-DE71-47CF-B40F-2326C06ACDE9}"
	ProjectSection(WebsiteProperties) = preProject
		TargetFrameworkMoniker = ".NETFramework,Version%3Dv4.5.2"
		Debug.AspNetCompiler.VirtualPath = "/localhost_55097"
		Debug.AspNetCompiler.PhysicalPath = "13.Route\"
		Debug.AspNetCompiler.TargetPath = "PrecompiledWeb\localhost_55097\"
		Debug.AspNetCompiler.Updateable = "true"
		Debug.AspNetCompiler.ForceOverwrite = "true"
		Debug.AspNetCompiler.FixedNames = "false"
		Debug.AspNetCompiler.Debug = "True"
		Release.AspNetCompiler.VirtualPath = "/localhost_55097"
		Release.AspNetCompiler.PhysicalPath = "13.Route\"
		Release.AspNetCompiler.TargetPath = "PrecompiledWeb\localhost_55097\"
		Release.AspNetCompiler.Updateable = "true"
		Release.AspNetCompiler.ForceOverwrite = "true"
		Release.AspNetCompiler.FixedNames = "false"
		Release.AspNetCompiler.Debug = "False"
		VWDPort = "55097"
		SlnRelativePath = "13.Route\"
		DefaultWebSiteLanguage = "Visual C#"
	EndProjectSection
EndProject
Project("{E24C65DC-7377-472B-9ABA-BC803B73C61A}") = "Lab6", "Lab6\", "{51BF0EE0-2A92-4750-BA3A-237CA2A24E38}"
	ProjectSection(WebsiteProperties) = preProject
		TargetFrameworkMoniker = ".NETFramework,Version%3Dv4.5.2"
		Debug.AspNetCompiler.VirtualPath = "/localhost_56870"
		Debug.AspNetCompiler.PhysicalPath = "Lab6\"
		Debug.AspNetCompiler.TargetPath = "PrecompiledWeb\localhost_56870\"
		Debug.AspNetCompiler.Updateable = "true"
		Debug.AspNetCompiler.ForceOverwrite = "true"
		Debug.AspNetCompiler.FixedNames = "false"
		Debug.AspNetCompiler.Debug = "True"
		Release.AspNetCompiler.VirtualPath = "/localhost_56870"
		Release.AspNetCompiler.PhysicalPath = "Lab6\"
		Release.AspNetCompiler.TargetPath = "PrecompiledWeb\localhost_56870\"
		Release.AspNetCompiler.Updateable = "true"
		Release.AspNetCompiler.ForceOverwrite = "true"
		Release.AspNetCompiler.FixedNames = "false"
		Release.AspNetCompiler.Debug = "False"
		VWDPort = "56870"
		SlnRelativePath = "Lab6\"
		DefaultWebSiteLanguage = "Visual C#"
	EndProjectSection
EndProject
Project("{FAE04EC0-301F-11D3-BF4B-00C04F79EFBC}") = "eShopStarter", "eShopStarter\eShopStarter.csproj", "{48D0A451-926B-43BC-81DE-DB589D6F6900}"
EndProject
Project("{E24C65DC-7377-472B-9ABA-BC803B73C61A}") = "14.Service", "14.Service\", "{3922721D-B1CC-4A37-833E-7500B72FA3E0}"
	ProjectSection(WebsiteProperties) = preProject
		TargetFrameworkMoniker = ".NETFramework,Version%3Dv4.5.2"
		Debug.AspNetCompiler.VirtualPath = "/localhost_64719"
		Debug.AspNetCompiler.PhysicalPath = "14.Service\"
		Debug.AspNetCompiler.TargetPath = "PrecompiledWeb\localhost_64719\"
		Debug.AspNetCompiler.Updateable = "true"
		Debug.AspNetCompiler.ForceOverwrite = "true"
		Debug.AspNetCompiler.FixedNames = "false"
		Debug.AspNetCompiler.Debug = "True"
		Release.AspNetCompiler.VirtualPath = "/localhost_64719"
		Release.AspNetCompiler.PhysicalPath = "14.Service\"
		Release.AspNetCompiler.TargetPath = "PrecompiledWeb\localhost_64719\"
		Release.AspNetCompiler.Updateable = "true"
		Release.AspNetCompiler.ForceOverwrite = "true"
		Release.AspNetCompiler.FixedNames = "false"
		Release.AspNetCompiler.Debug = "False"
		VWDPort = "64719"
		SlnRelativePath = "14.Service\"
		DefaultWebSiteLanguage = "Visual C#"
	EndProjectSection
EndProject
Project("{E24C65DC-7377-472B-9ABA-BC803B73C61A}") = "Lab7", "Lab7\", "{443DCD3C-B9CE-496C-8FCA-3973EB9B7A5E}"
	ProjectSection(WebsiteProperties) = preProject
		TargetFrameworkMoniker = ".NETFramework,Version%3Dv4.5.2"
		Debug.AspNetCompiler.VirtualPath = "/localhost_50049"
		Debug.AspNetCompiler.PhysicalPath = "Lab7\"
		Debug.AspNetCompiler.TargetPath = "PrecompiledWeb\localhost_50049\"
		Debug.AspNetCompiler.Updateable = "true"
		Debug.AspNetCompiler.ForceOverwrite = "true"
		Debug.AspNetCompiler.FixedNames = "false"
		Debug.AspNetCompiler.Debug = "True"
		Release.AspNetCompiler.VirtualPath = "/localhost_50049"
		Release.AspNetCompiler.PhysicalPath = "Lab7\"
		Release.AspNetCompiler.TargetPath = "PrecompiledWeb\localhost_50049\"
		Release.AspNetCompiler.Updateable = "true"
		Release.AspNetCompiler.ForceOverwrite = "true"
		Release.AspNetCompiler.FixedNames = "false"
		Release.AspNetCompiler.Debug = "False"
		VWDPort = "50049"
		SlnRelativePath = "Lab7\"
		DefaultWebSiteLanguage = "Visual C#"
	EndProjectSection
EndProject
Project("{FAE04EC0-301F-11D3-BF4B-00C04F79EFBC}") = "WebApi", "WebApi\WebApi.csproj", "{8D2F14EA-31D0-45F9-ADE3-62766B5B8E13}"
EndProject
Project("{E24C65DC-7377-472B-9ABA-BC803B73C61A}") = "15.TreeView", "15.TreeView\", "{630F9195-6374-46D3-888E-C3845CB5F1A8}"
	ProjectSection(WebsiteProperties) = preProject
		TargetFrameworkMoniker = ".NETFramework,Version%3Dv4.5.2"
		Debug.AspNetCompiler.VirtualPath = "/localhost_63211"
		Debug.AspNetCompiler.PhysicalPath = "15.TreeView\"
		Debug.AspNetCompiler.TargetPath = "PrecompiledWeb\localhost_63211\"
		Debug.AspNetCompiler.Updateable = "true"
		Debug.AspNetCompiler.ForceOverwrite = "true"
		Debug.AspNetCompiler.FixedNames = "false"
		Debug.AspNetCompiler.Debug = "True"
		Release.AspNetCompiler.VirtualPath = "/localhost_63211"
		Release.AspNetCompiler.PhysicalPath = "15.TreeView\"
		Release.AspNetCompiler.TargetPath = "PrecompiledWeb\localhost_63211\"
		Release.AspNetCompiler.Updateable = "true"
		Release.AspNetCompiler.ForceOverwrite = "true"
		Release.AspNetCompiler.FixedNames = "false"
		Release.AspNetCompiler.Debug = "False"
		VWDPort = "63211"
		SlnRelativePath = "15.TreeView\"
		DefaultWebSiteLanguage = "Visual C#"
	EndProjectSection
EndProject
Global
	GlobalSection(SolutionConfigurationPlatforms) = preSolution
		Debug|Any CPU = Debug|Any CPU
		Release|Any CPU = Release|Any CPU
	EndGlobalSection
	GlobalSection(ProjectConfigurationPlatforms) = postSolution
		{28C196CF-D9FE-4466-8E22-C10C991A95AF}.Debug|Any CPU.ActiveCfg = Debug|Any CPU
		{28C196CF-D9FE-4466-8E22-C10C991A95AF}.Debug|Any CPU.Build.0 = Debug|Any CPU
		{28C196CF-D9FE-4466-8E22-C10C991A95AF}.Release|Any CPU.ActiveCfg = Debug|Any CPU
		{28C196CF-D9FE-4466-8E22-C10C991A95AF}.Release|Any CPU.Build.0 = Debug|Any CPU
		{4A08D812-8C15-4301-844B-DF193A2B0746}.Debug|Any CPU.ActiveCfg = Debug|Any CPU
		{4A08D812-8C15-4301-844B-DF193A2B0746}.Debug|Any CPU.Build.0 = Debug|Any CPU
		{4A08D812-8C15-4301-844B-DF193A2B0746}.Release|Any CPU.ActiveCfg = Debug|Any CPU
		{4A08D812-8C15-4301-844B-DF193A2B0746}.Release|Any CPU.Build.0 = Debug|Any CPU
		{67BBB968-AF0A-4987-93D7-192C7B2E019C}.Debug|Any CPU.ActiveCfg = Debug|Any CPU
		{67BBB968-AF0A-4987-93D7-192C7B2E019C}.Debug|Any CPU.Build.0 = Debug|Any CPU
		{67BBB968-AF0A-4987-93D7-192C7B2E019C}.Release|Any CPU.ActiveCfg = Debug|Any CPU
		{67BBB968-AF0A-4987-93D7-192C7B2E019C}.Release|Any CPU.Build.0 = Debug|Any CPU
		{CAC211AC-328B-4460-B120-8DEE08D6103E}.Debug|Any CPU.ActiveCfg = Debug|Any CPU
		{CAC211AC-328B-4460-B120-8DEE08D6103E}.Debug|Any CPU.Build.0 = Debug|Any CPU
		{CAC211AC-328B-4460-B120-8DEE08D6103E}.Release|Any CPU.ActiveCfg = Debug|Any CPU
		{CAC211AC-328B-4460-B120-8DEE08D6103E}.Release|Any CPU.Build.0 = Debug|Any CPU
		{49806CD1-F2F0-4EE1-BE01-BA0F75D89CFD}.Debug|Any CPU.ActiveCfg = Debug|Any CPU
		{49806CD1-F2F0-4EE1-BE01-BA0F75D89CFD}.Debug|Any CPU.Build.0 = Debug|Any CPU
		{49806CD1-F2F0-4EE1-BE01-BA0F75D89CFD}.Release|Any CPU.ActiveCfg = Debug|Any CPU
		{49806CD1-F2F0-4EE1-BE01-BA0F75D89CFD}.Release|Any CPU.Build.0 = Debug|Any CPU
		{CE9AA8A0-6FAF-4E00-9322-08776998F393}.Debug|Any CPU.ActiveCfg = Debug|Any CPU
		{CE9AA8A0-6FAF-4E00-9322-08776998F393}.Debug|Any CPU.Build.0 = Debug|Any CPU
		{CE9AA8A0-6FAF-4E00-9322-08776998F393}.Release|Any CPU.ActiveCfg = Debug|Any CPU
		{CE9AA8A0-6FAF-4E00-9322-08776998F393}.Release|Any CPU.Build.0 = Debug|Any CPU
		{05531F03-44BA-4603-9985-DF87511558C0}.Debug|Any CPU.ActiveCfg = Debug|Any CPU
		{05531F03-44BA-4603-9985-DF87511558C0}.Debug|Any CPU.Build.0 = Debug|Any CPU
		{05531F03-44BA-4603-9985-DF87511558C0}.Release|Any CPU.ActiveCfg = Debug|Any CPU
		{05531F03-44BA-4603-9985-DF87511558C0}.Release|Any CPU.Build.0 = Debug|Any CPU
		{9D30DCD7-F53D-4380-AFB5-ADE19C1C7D2E}.Debug|Any CPU.ActiveCfg = Debug|Any CPU
		{9D30DCD7-F53D-4380-AFB5-ADE19C1C7D2E}.Debug|Any CPU.Build.0 = Debug|Any CPU
		{9D30DCD7-F53D-4380-AFB5-ADE19C1C7D2E}.Release|Any CPU.ActiveCfg = Debug|Any CPU
		{9D30DCD7-F53D-4380-AFB5-ADE19C1C7D2E}.Release|Any CPU.Build.0 = Debug|Any CPU
		{77BD60F1-F5FE-45A4-8F27-6D5C131EDCB5}.Debug|Any CPU.ActiveCfg = Debug|Any CPU
		{77BD60F1-F5FE-45A4-8F27-6D5C131EDCB5}.Debug|Any CPU.Build.0 = Debug|Any CPU
		{77BD60F1-F5FE-45A4-8F27-6D5C131EDCB5}.Release|Any CPU.ActiveCfg = Debug|Any CPU
		{77BD60F1-F5FE-45A4-8F27-6D5C131EDCB5}.Release|Any CPU.Build.0 = Debug|Any CPU
		{781BB420-73E5-4ACE-AC9B-CA461B9E0B0A}.Debug|Any CPU.ActiveCfg = Debug|Any CPU
		{781BB420-73E5-4ACE-AC9B-CA461B9E0B0A}.Debug|Any CPU.Build.0 = Debug|Any CPU
		{781BB420-73E5-4ACE-AC9B-CA461B9E0B0A}.Release|Any CPU.ActiveCfg = Debug|Any CPU
		{781BB420-73E5-4ACE-AC9B-CA461B9E0B0A}.Release|Any CPU.Build.0 = Debug|Any CPU
		{9AAB1DAB-89D2-464E-85FE-6F1C3F02EEAF}.Debug|Any CPU.ActiveCfg = Debug|Any CPU
		{9AAB1DAB-89D2-464E-85FE-6F1C3F02EEAF}.Debug|Any CPU.Build.0 = Debug|Any CPU
		{9AAB1DAB-89D2-464E-85FE-6F1C3F02EEAF}.Release|Any CPU.ActiveCfg = Debug|Any CPU
		{9AAB1DAB-89D2-464E-85FE-6F1C3F02EEAF}.Release|Any CPU.Build.0 = Debug|Any CPU
		{45D55285-F5E8-4A1C-8DF3-D44A963118A6}.Debug|Any CPU.ActiveCfg = Debug|Any CPU
		{45D55285-F5E8-4A1C-8DF3-D44A963118A6}.Debug|Any CPU.Build.0 = Debug|Any CPU
		{45D55285-F5E8-4A1C-8DF3-D44A963118A6}.Release|Any CPU.ActiveCfg = Debug|Any CPU
		{45D55285-F5E8-4A1C-8DF3-D44A963118A6}.Release|Any CPU.Build.0 = Debug|Any CPU
		{AFAEA3F1-D804-4034-A201-2E3047768363}.Debug|Any CPU.ActiveCfg = Debug|Any CPU
		{AFAEA3F1-D804-4034-A201-2E3047768363}.Debug|Any CPU.Build.0 = Debug|Any CPU
		{AFAEA3F1-D804-4034-A201-2E3047768363}.Release|Any CPU.ActiveCfg = Debug|Any CPU
		{AFAEA3F1-D804-4034-A201-2E3047768363}.Release|Any CPU.Build.0 = Debug|Any CPU
		{F6C355E2-77CC-4B43-A96B-A805623D86FF}.Debug|Any CPU.ActiveCfg = Debug|Any CPU
		{F6C355E2-77CC-4B43-A96B-A805623D86FF}.Debug|Any CPU.Build.0 = Debug|Any CPU
		{F6C355E2-77CC-4B43-A96B-A805623D86FF}.Release|Any CPU.ActiveCfg = Debug|Any CPU
		{F6C355E2-77CC-4B43-A96B-A805623D86FF}.Release|Any CPU.Build.0 = Debug|Any CPU
		{D96C67F4-279A-4098-A837-F0E9BBF5551C}.Debug|Any CPU.ActiveCfg = Debug|Any CPU
		{D96C67F4-279A-4098-A837-F0E9BBF5551C}.Debug|Any CPU.Build.0 = Debug|Any CPU
		{D96C67F4-279A-4098-A837-F0E9BBF5551C}.Release|Any CPU.ActiveCfg = Debug|Any CPU
		{D96C67F4-279A-4098-A837-F0E9BBF5551C}.Release|Any CPU.Build.0 = Debug|Any CPU
		{26827D4F-9B45-49B4-9D2C-2EC99B3AF541}.Debug|Any CPU.ActiveCfg = Debug|Any CPU
		{26827D4F-9B45-49B4-9D2C-2EC99B3AF541}.Debug|Any CPU.Build.0 = Debug|Any CPU
		{26827D4F-9B45-49B4-9D2C-2EC99B3AF541}.Release|Any CPU.ActiveCfg = Debug|Any CPU
		{26827D4F-9B45-49B4-9D2C-2EC99B3AF541}.Release|Any CPU.Build.0 = Debug|Any CPU
		{6F2B0ED4-DE71-47CF-B40F-2326C06ACDE9}.Debug|Any CPU.ActiveCfg = Debug|Any CPU
		{6F2B0ED4-DE71-47CF-B40F-2326C06ACDE9}.Debug|Any CPU.Build.0 = Debug|Any CPU
		{6F2B0ED4-DE71-47CF-B40F-2326C06ACDE9}.Release|Any CPU.ActiveCfg = Debug|Any CPU
		{6F2B0ED4-DE71-47CF-B40F-2326C06ACDE9}.Release|Any CPU.Build.0 = Debug|Any CPU
		{51BF0EE0-2A92-4750-BA3A-237CA2A24E38}.Debug|Any CPU.ActiveCfg = Debug|Any CPU
		{51BF0EE0-2A92-4750-BA3A-237CA2A24E38}.Debug|Any CPU.Build.0 = Debug|Any CPU
		{51BF0EE0-2A92-4750-BA3A-237CA2A24E38}.Release|Any CPU.ActiveCfg = Debug|Any CPU
		{51BF0EE0-2A92-4750-BA3A-237CA2A24E38}.Release|Any CPU.Build.0 = Debug|Any CPU
		{48D0A451-926B-43BC-81DE-DB589D6F6900}.Debug|Any CPU.ActiveCfg = Debug|Any CPU
		{48D0A451-926B-43BC-81DE-DB589D6F6900}.Debug|Any CPU.Build.0 = Debug|Any CPU
		{48D0A451-926B-43BC-81DE-DB589D6F6900}.Release|Any CPU.ActiveCfg = Release|Any CPU
		{48D0A451-926B-43BC-81DE-DB589D6F6900}.Release|Any CPU.Build.0 = Release|Any CPU
		{3922721D-B1CC-4A37-833E-7500B72FA3E0}.Debug|Any CPU.ActiveCfg = Debug|Any CPU
		{3922721D-B1CC-4A37-833E-7500B72FA3E0}.Debug|Any CPU.Build.0 = Debug|Any CPU
		{3922721D-B1CC-4A37-833E-7500B72FA3E0}.Release|Any CPU.ActiveCfg = Debug|Any CPU
		{3922721D-B1CC-4A37-833E-7500B72FA3E0}.Release|Any CPU.Build.0 = Debug|Any CPU
		{443DCD3C-B9CE-496C-8FCA-3973EB9B7A5E}.Debug|Any CPU.ActiveCfg = Debug|Any CPU
		{443DCD3C-B9CE-496C-8FCA-3973EB9B7A5E}.Debug|Any CPU.Build.0 = Debug|Any CPU
		{443DCD3C-B9CE-496C-8FCA-3973EB9B7A5E}.Release|Any CPU.ActiveCfg = Debug|Any CPU
		{443DCD3C-B9CE-496C-8FCA-3973EB9B7A5E}.Release|Any CPU.Build.0 = Debug|Any CPU
		{8D2F14EA-31D0-45F9-ADE3-62766B5B8E13}.Debug|Any CPU.ActiveCfg = Debug|Any CPU
		{8D2F14EA-31D0-45F9-ADE3-62766B5B8E13}.Debug|Any CPU.Build.0 = Debug|Any CPU
		{8D2F14EA-31D0-45F9-ADE3-62766B5B8E13}.Release|Any CPU.ActiveCfg = Release|Any CPU
		{8D2F14EA-31D0-45F9-ADE3-62766B5B8E13}.Release|Any CPU.Build.0 = Release|Any CPU
		{630F9195-6374-46D3-888E-C3845CB5F1A8}.Debug|Any CPU.ActiveCfg = Debug|Any CPU
		{630F9195-6374-46D3-888E-C3845CB5F1A8}.Debug|Any CPU.Build.0 = Debug|Any CPU
		{630F9195-6374-46D3-888E-C3845CB5F1A8}.Release|Any CPU.ActiveCfg = Debug|Any CPU
		{630F9195-6374-46D3-888E-C3845CB5F1A8}.Release|Any CPU.Build.0 = Debug|Any CPU
	EndGlobalSection
	GlobalSection(SolutionProperties) = preSolution
		HideSolutionNode = FALSE
	EndGlobalSection
EndGlobal
